{
    "name": "ticket-system",
    "version": "1.0.0",
    "lockfileVersion": 2,
    "dependencies": {
      "http-server": {
        "version": "14.1.1",
        "resolved": "https://registry.npmjs.org/http-server/-/http-server-14.1.1.tgz",
        "integrity": "sha512-VERSION-INTEGRITY-HASH",
        "dev": true
      },
      "package-name": {
        "version": "X.Y.Z",
        "resolved": "URL",
        "integrity": "sha512-INTEGRITY-HASH"
      }
    },
    "engines": {
      "node": ">=14.0.0"
    }
  }